// !$*UTF8*$!
{
	archiveVersion = 1;
	classes = {
	};
	objectVersion = 55;
	objects = {

/* Begin PBXBuildFile section */
		5362CFBA27F4C87700301AD0 /* HomeConfiguration.swift in Sources */ = {isa = PBXBuildFile; fileRef = 5362CFB227F4C87700301AD0 /* HomeConfiguration.swift */; };
		5362CFBB27F4C87700301AD0 /* HomePresenter.swift in Sources */ = {isa = PBXBuildFile; fileRef = 5362CFB327F4C87700301AD0 /* HomePresenter.swift */; };
		5362CFBC27F4C87700301AD0 /* HomeRouter.swift in Sources */ = {isa = PBXBuildFile; fileRef = 5362CFB427F4C87700301AD0 /* HomeRouter.swift */; };
		5362CFBD27F4C87700301AD0 /* HomeViewController.swift in Sources */ = {isa = PBXBuildFile; fileRef = 5362CFB527F4C87700301AD0 /* HomeViewController.swift */; };
		5362CFBE27F4C87700301AD0 /* HomeInteractor.swift in Sources */ = {isa = PBXBuildFile; fileRef = 5362CFB627F4C87700301AD0 /* HomeInteractor.swift */; };
		5362CFBF27F4C87700301AD0 /* HomeModel.swift in Sources */ = {isa = PBXBuildFile; fileRef = 5362CFB727F4C87700301AD0 /* HomeModel.swift */; };
		5362CFC127F4C87700301AD0 /* HomeManager.swift in Sources */ = {isa = PBXBuildFile; fileRef = 5362CFB927F4C87700301AD0 /* HomeManager.swift */; };
		53F3F78227F237BE0011CC48 /* AppDelegate.swift in Sources */ = {isa = PBXBuildFile; fileRef = 53F3F78127F237BE0011CC48 /* AppDelegate.swift */; };
		53F3F78427F237BE0011CC48 /* SceneDelegate.swift in Sources */ = {isa = PBXBuildFile; fileRef = 53F3F78327F237BE0011CC48 /* SceneDelegate.swift */; };
		53F3F78627F237BE0011CC48 /* BaseViewController.swift in Sources */ = {isa = PBXBuildFile; fileRef = 53F3F78527F237BE0011CC48 /* BaseViewController.swift */; };
		53F3F78927F237BE0011CC48 /* Main.storyboard in Resources */ = {isa = PBXBuildFile; fileRef = 53F3F78727F237BE0011CC48 /* Main.storyboard */; };
		53F3F78B27F237C00011CC48 /* Assets.xcassets in Resources */ = {isa = PBXBuildFile; fileRef = 53F3F78A27F237C00011CC48 /* Assets.xcassets */; };
		53F3F78E27F237C00011CC48 /* LaunchScreen.storyboard in Resources */ = {isa = PBXBuildFile; fileRef = 53F3F78C27F237C00011CC48 /* LaunchScreen.storyboard */; };
		53F3F79927F237C00011CC48 /* MeliAppTests.swift in Sources */ = {isa = PBXBuildFile; fileRef = 53F3F79827F237C00011CC48 /* MeliAppTests.swift */; };
		53F3F7A327F237C00011CC48 /* MeliAppUITests.swift in Sources */ = {isa = PBXBuildFile; fileRef = 53F3F7A227F237C00011CC48 /* MeliAppUITests.swift */; };
		53F3F7A527F237C00011CC48 /* MeliAppUITestsLaunchTests.swift in Sources */ = {isa = PBXBuildFile; fileRef = 53F3F7A427F237C00011CC48 /* MeliAppUITestsLaunchTests.swift */; };
/* End PBXBuildFile section */

/* Begin PBXContainerItemProxy section */
		53F3F79527F237C00011CC48 /* PBXContainerItemProxy */ = {
			isa = PBXContainerItemProxy;
			containerPortal = 53F3F77627F237BE0011CC48 /* Project object */;
			proxyType = 1;
			remoteGlobalIDString = 53F3F77D27F237BE0011CC48;
			remoteInfo = MeliApp;
		};
		53F3F79F27F237C00011CC48 /* PBXContainerItemProxy */ = {
			isa = PBXContainerItemProxy;
			containerPortal = 53F3F77627F237BE0011CC48 /* Project object */;
			proxyType = 1;
			remoteGlobalIDString = 53F3F77D27F237BE0011CC48;
			remoteInfo = MeliApp;
		};
/* End PBXContainerItemProxy section */

/* Begin PBXFileReference section */
		5362CFB227F4C87700301AD0 /* HomeConfiguration.swift */ = {isa = PBXFileReference; lastKnownFileType = sourcecode.swift; path = HomeConfiguration.swift; sourceTree = "<group>"; };
		5362CFB327F4C87700301AD0 /* HomePresenter.swift */ = {isa = PBXFileReference; lastKnownFileType = sourcecode.swift; path = HomePresenter.swift; sourceTree = "<group>"; };
		5362CFB427F4C87700301AD0 /* HomeRouter.swift */ = {isa = PBXFileReference; lastKnownFileType = sourcecode.swift; path = HomeRouter.swift; sourceTree = "<group>"; };
		5362CFB527F4C87700301AD0 /* HomeViewController.swift */ = {isa = PBXFileReference; lastKnownFileType = sourcecode.swift; path = HomeViewController.swift; sourceTree = "<group>"; };
		5362CFB627F4C87700301AD0 /* HomeInteractor.swift */ = {isa = PBXFileReference; lastKnownFileType = sourcecode.swift; path = HomeInteractor.swift; sourceTree = "<group>"; };
		5362CFB727F4C87700301AD0 /* HomeModel.swift */ = {isa = PBXFileReference; lastKnownFileType = sourcecode.swift; path = HomeModel.swift; sourceTree = "<group>"; };
		5362CFB927F4C87700301AD0 /* HomeManager.swift */ = {isa = PBXFileReference; lastKnownFileType = sourcecode.swift; path = HomeManager.swift; sourceTree = "<group>"; };
		53F3F77E27F237BE0011CC48 /* MeliApp.app */ = {isa = PBXFileReference; explicitFileType = wrapper.application; includeInIndex = 0; path = MeliApp.app; sourceTree = BUILT_PRODUCTS_DIR; };
		53F3F78127F237BE0011CC48 /* AppDelegate.swift */ = {isa = PBXFileReference; lastKnownFileType = sourcecode.swift; path = AppDelegate.swift; sourceTree = "<group>"; };
		53F3F78327F237BE0011CC48 /* SceneDelegate.swift */ = {isa = PBXFileReference; lastKnownFileType = sourcecode.swift; path = SceneDelegate.swift; sourceTree = "<group>"; };
		53F3F78527F237BE0011CC48 /* BaseViewController.swift */ = {isa = PBXFileReference; lastKnownFileType = sourcecode.swift; path = BaseViewController.swift; sourceTree = "<group>"; };
		53F3F78827F237BE0011CC48 /* Base */ = {isa = PBXFileReference; lastKnownFileType = file.storyboard; name = Base; path = Base.lproj/Main.storyboard; sourceTree = "<group>"; };
		53F3F78A27F237C00011CC48 /* Assets.xcassets */ = {isa = PBXFileReference; lastKnownFileType = folder.assetcatalog; path = Assets.xcassets; sourceTree = "<group>"; };
		53F3F78D27F237C00011CC48 /* Base */ = {isa = PBXFileReference; lastKnownFileType = file.storyboard; name = Base; path = Base.lproj/LaunchScreen.storyboard; sourceTree = "<group>"; };
		53F3F78F27F237C00011CC48 /* Info.plist */ = {isa = PBXFileReference; lastKnownFileType = text.plist.xml; path = Info.plist; sourceTree = "<group>"; };
		53F3F79427F237C00011CC48 /* MeliAppTests.xctest */ = {isa = PBXFileReference; explicitFileType = wrapper.cfbundle; includeInIndex = 0; path = MeliAppTests.xctest; sourceTree = BUILT_PRODUCTS_DIR; };
		53F3F79827F237C00011CC48 /* MeliAppTests.swift */ = {isa = PBXFileReference; lastKnownFileType = sourcecode.swift; path = MeliAppTests.swift; sourceTree = "<group>"; };
		53F3F79E27F237C00011CC48 /* MeliAppUITests.xctest */ = {isa = PBXFileReference; explicitFileType = wrapper.cfbundle; includeInIndex = 0; path = MeliAppUITests.xctest; sourceTree = BUILT_PRODUCTS_DIR; };
		53F3F7A227F237C00011CC48 /* MeliAppUITests.swift */ = {isa = PBXFileReference; lastKnownFileType = sourcecode.swift; path = MeliAppUITests.swift; sourceTree = "<group>"; };
		53F3F7A427F237C00011CC48 /* MeliAppUITestsLaunchTests.swift */ = {isa = PBXFileReference; lastKnownFileType = sourcecode.swift; path = MeliAppUITestsLaunchTests.swift; sourceTree = "<group>"; };
/* End PBXFileReference section */

/* Begin PBXFrameworksBuildPhase section */
		53F3F77B27F237BE0011CC48 /* Frameworks */ = {
			isa = PBXFrameworksBuildPhase;
			buildActionMask = 2147483647;
			files = (
			);
			runOnlyForDeploymentPostprocessing = 0;
		};
		53F3F79127F237C00011CC48 /* Frameworks */ = {
			isa = PBXFrameworksBuildPhase;
			buildActionMask = 2147483647;
			files = (
			);
			runOnlyForDeploymentPostprocessing = 0;
		};
		53F3F79B27F237C00011CC48 /* Frameworks */ = {
			isa = PBXFrameworksBuildPhase;
			buildActionMask = 2147483647;
			files = (
			);
			runOnlyForDeploymentPostprocessing = 0;
		};
/* End PBXFrameworksBuildPhase section */

/* Begin PBXGroup section */
		53F3F77527F237BE0011CC48 = {
			isa = PBXGroup;
			children = (
				53F3F78027F237BE0011CC48 /* MeliApp */,
				53F3F79727F237C00011CC48 /* MeliAppTests */,
				53F3F7A127F237C00011CC48 /* MeliAppUITests */,
				53F3F77F27F237BE0011CC48 /* Products */,
			);
			sourceTree = "<group>";
		};
		53F3F77F27F237BE0011CC48 /* Products */ = {
			isa = PBXGroup;
			children = (
				53F3F77E27F237BE0011CC48 /* MeliApp.app */,
				53F3F79427F237C00011CC48 /* MeliAppTests.xctest */,
				53F3F79E27F237C00011CC48 /* MeliAppUITests.xctest */,
			);
			name = Products;
			sourceTree = "<group>";
		};
		53F3F78027F237BE0011CC48 /* MeliApp */ = {
			isa = PBXGroup;
			children = (
				53F3F7B127F238B40011CC48 /* Modules */,
				53F3F78127F237BE0011CC48 /* AppDelegate.swift */,
				53F3F78327F237BE0011CC48 /* SceneDelegate.swift */,
				53F3F78A27F237C00011CC48 /* Assets.xcassets */,
				53F3F78C27F237C00011CC48 /* LaunchScreen.storyboard */,
				53F3F78F27F237C00011CC48 /* Info.plist */,
			);
			path = MeliApp;
			sourceTree = "<group>";
		};
		53F3F79727F237C00011CC48 /* MeliAppTests */ = {
			isa = PBXGroup;
			children = (
				53F3F79827F237C00011CC48 /* MeliAppTests.swift */,
			);
			path = MeliAppTests;
			sourceTree = "<group>";
		};
		53F3F7A127F237C00011CC48 /* MeliAppUITests */ = {
			isa = PBXGroup;
			children = (
				53F3F7A227F237C00011CC48 /* MeliAppUITests.swift */,
				53F3F7A427F237C00011CC48 /* MeliAppUITestsLaunchTests.swift */,
			);
			path = MeliAppUITests;
			sourceTree = "<group>";
		};
		53F3F7B127F238B40011CC48 /* Modules */ = {
			isa = PBXGroup;
			children = (
				53F3F7B327F23BAA0011CC48 /* Home */,
				53F3F7B227F238BD0011CC48 /* Base */,
			);
			path = Modules;
			sourceTree = "<group>";
		};
		53F3F7B227F238BD0011CC48 /* Base */ = {
			isa = PBXGroup;
			children = (
				53F3F78527F237BE0011CC48 /* BaseViewController.swift */,
			);
			path = Base;
			sourceTree = "<group>";
		};
		53F3F7B327F23BAA0011CC48 /* Home */ = {
			isa = PBXGroup;
			children = (
				53F3F78727F237BE0011CC48 /* Main.storyboard */,
				5362CFB227F4C87700301AD0 /* HomeConfiguration.swift */,
				5362CFB327F4C87700301AD0 /* HomePresenter.swift */,
				5362CFB427F4C87700301AD0 /* HomeRouter.swift */,
				5362CFB527F4C87700301AD0 /* HomeViewController.swift */,
				5362CFB627F4C87700301AD0 /* HomeInteractor.swift */,
				5362CFB727F4C87700301AD0 /* HomeModel.swift */,
				5362CFB927F4C87700301AD0 /* HomeManager.swift */,
			);
			path = Home;
			sourceTree = "<group>";
		};
/* End PBXGroup section */

/* Begin PBXNativeTarget section */
		53F3F77D27F237BE0011CC48 /* MeliApp */ = {
			isa = PBXNativeTarget;
			buildConfigurationList = 53F3F7A827F237C00011CC48 /* Build configuration list for PBXNativeTarget "MeliApp" */;
			buildPhases = (
				53F3F77A27F237BE0011CC48 /* Sources */,
				53F3F77B27F237BE0011CC48 /* Frameworks */,
				53F3F77C27F237BE0011CC48 /* Resources */,
			);
			buildRules = (
			);
			dependencies = (
			);
			name = MeliApp;
			productName = MeliApp;
			productReference = 53F3F77E27F237BE0011CC48 /* MeliApp.app */;
			productType = "com.apple.product-type.application";
		};
		53F3F79327F237C00011CC48 /* MeliAppTests */ = {
			isa = PBXNativeTarget;
			buildConfigurationList = 53F3F7AB27F237C00011CC48 /* Build configuration list for PBXNativeTarget "MeliAppTests" */;
			buildPhases = (
				53F3F79027F237C00011CC48 /* Sources */,
				53F3F79127F237C00011CC48 /* Frameworks */,
				53F3F79227F237C00011CC48 /* Resources */,
			);
			buildRules = (
			);
			dependencies = (
				53F3F79627F237C00011CC48 /* PBXTargetDependency */,
			);
			name = MeliAppTests;
			productName = MeliAppTests;
			productReference = 53F3F79427F237C00011CC48 /* MeliAppTests.xctest */;
			productType = "com.apple.product-type.bundle.unit-test";
		};
		53F3F79D27F237C00011CC48 /* MeliAppUITests */ = {
			isa = PBXNativeTarget;
			buildConfigurationList = 53F3F7AE27F237C00011CC48 /* Build configuration list for PBXNativeTarget "MeliAppUITests" */;
			buildPhases = (
				53F3F79A27F237C00011CC48 /* Sources */,
				53F3F79B27F237C00011CC48 /* Frameworks */,
				53F3F79C27F237C00011CC48 /* Resources */,
			);
			buildRules = (
			);
			dependencies = (
				53F3F7A027F237C00011CC48 /* PBXTargetDependency */,
			);
			name = MeliAppUITests;
			productName = MeliAppUITests;
			productReference = 53F3F79E27F237C00011CC48 /* MeliAppUITests.xctest */;
			productType = "com.apple.product-type.bundle.ui-testing";
		};
/* End PBXNativeTarget section */

/* Begin PBXProject section */
		53F3F77627F237BE0011CC48 /* Project object */ = {
			isa = PBXProject;
			attributes = {
				BuildIndependentTargetsInParallel = 1;
				LastSwiftUpdateCheck = 1320;
				LastUpgradeCheck = 1320;
				TargetAttributes = {
					53F3F77D27F237BE0011CC48 = {
						CreatedOnToolsVersion = 13.2.1;
					};
					53F3F79327F237C00011CC48 = {
						CreatedOnToolsVersion = 13.2.1;
						TestTargetID = 53F3F77D27F237BE0011CC48;
					};
					53F3F79D27F237C00011CC48 = {
						CreatedOnToolsVersion = 13.2.1;
						TestTargetID = 53F3F77D27F237BE0011CC48;
					};
				};
			};
			buildConfigurationList = 53F3F77927F237BE0011CC48 /* Build configuration list for PBXProject "MeliApp" */;
			compatibilityVersion = "Xcode 13.0";
			developmentRegion = en;
			hasScannedForEncodings = 0;
			knownRegions = (
				en,
				Base,
			);
			mainGroup = 53F3F77527F237BE0011CC48;
			productRefGroup = 53F3F77F27F237BE0011CC48 /* Products */;
			projectDirPath = "";
			projectRoot = "";
			targets = (
				53F3F77D27F237BE0011CC48 /* MeliApp */,
				53F3F79327F237C00011CC48 /* MeliAppTests */,
				53F3F79D27F237C00011CC48 /* MeliAppUITests */,
			);
		};
/* End PBXProject section */

/* Begin PBXResourcesBuildPhase section */
		53F3F77C27F237BE0011CC48 /* Resources */ = {
			isa = PBXResourcesBuildPhase;
			buildActionMask = 2147483647;
			files = (
				53F3F78E27F237C00011CC48 /* LaunchScreen.storyboard in Resources */,
				53F3F78B27F237C00011CC48 /* Assets.xcassets in Resources */,
				53F3F78927F237BE0011CC48 /* Main.storyboard in Resources */,
			);
			runOnlyForDeploymentPostprocessing = 0;
		};
		53F3F79227F237C00011CC48 /* Resources */ = {
			isa = PBXResourcesBuildPhase;
			buildActionMask = 2147483647;
			files = (
			);
			runOnlyForDeploymentPostprocessing = 0;
		};
		53F3F79C27F237C00011CC48 /* Resources */ = {
			isa = PBXResourcesBuildPhase;
			buildActionMask = 2147483647;
			files = (
			);
			runOnlyForDeploymentPostprocessing = 0;
		};
/* End PBXResourcesBuildPhase section */

/* Begin PBXSourcesBuildPhase section */
		53F3F77A27F237BE0011CC48 /* Sources */ = {
			isa = PBXSourcesBuildPhase;
			buildActionMask = 2147483647;
			files = (
				53F3F78627F237BE0011CC48 /* BaseViewController.swift in Sources */,
				5362CFBC27F4C87700301AD0 /* HomeRouter.swift in Sources */,
				5362CFBF27F4C87700301AD0 /* HomeModel.swift in Sources */,
				53F3F78227F237BE0011CC48 /* AppDelegate.swift in Sources */,
				5362CFBE27F4C87700301AD0 /* HomeInteractor.swift in Sources */,
				53F3F78427F237BE0011CC48 /* SceneDelegate.swift in Sources */,
				5362CFC127F4C87700301AD0 /* HomeManager.swift in Sources */,
				5362CFBB27F4C87700301AD0 /* HomePresenter.swift in Sources */,
				5362CFBD27F4C87700301AD0 /* HomeViewController.swift in Sources */,
				5362CFBA27F4C87700301AD0 /* HomeConfiguration.swift in Sources */,
			);
			runOnlyForDeploymentPostprocessing = 0;
		};
		53F3F79027F237C00011CC48 /* Sources */ = {
			isa = PBXSourcesBuildPhase;
			buildActionMask = 2147483647;
			files = (
				53F3F79927F237C00011CC48 /* MeliAppTests.swift in Sources */,
			);
			runOnlyForDeploymentPostprocessing = 0;
		};
		53F3F79A27F237C00011CC48 /* Sources */ = {
			isa = PBXSourcesBuildPhase;
			buildActionMask = 2147483647;
			files = (
				53F3F7A327F237C00011CC48 /* MeliAppUITests.swift in Sources */,
				53F3F7A527F237C00011CC48 /* MeliAppUITestsLaunchTests.swift in Sources */,
			);
			runOnlyForDeploymentPostprocessing = 0;
		};
/* End PBXSourcesBuildPhase section */

/* Begin PBXTargetDependency section */
		53F3F79627F237C00011CC48 /* PBXTargetDependency */ = {
			isa = PBXTargetDependency;
			target = 53F3F77D27F237BE0011CC48 /* MeliApp */;
			targetProxy = 53F3F79527F237C00011CC48 /* PBXContainerItemProxy */;
		};
		53F3F7A027F237C00011CC48 /* PBXTargetDependency */ = {
			isa = PBXTargetDependency;
			target = 53F3F77D27F237BE0011CC48 /* MeliApp */;
			targetProxy = 53F3F79F27F237C00011CC48 /* PBXContainerItemProxy */;
		};
/* End PBXTargetDependency section */

/* Begin PBXVariantGroup section */
		53F3F78727F237BE0011CC48 /* Main.storyboard */ = {
			isa = PBXVariantGroup;
			children = (
				53F3F78827F237BE0011CC48 /* Base */,
			);
			name = Main.storyboard;
			sourceTree = "<group>";
		};
		53F3F78C27F237C00011CC48 /* LaunchScreen.storyboard */ = {
			isa = PBXVariantGroup;
			children = (
				53F3F78D27F237C00011CC48 /* Base */,
			);
			name = LaunchScreen.storyboard;
			sourceTree = "<group>";
		};
/* End PBXVariantGroup section */

/* Begin XCBuildConfiguration section */
		53F3F7A627F237C00011CC48 /* Debug */ = {
			isa = XCBuildConfiguration;
			buildSettings = {
				ALWAYS_SEARCH_USER_PATHS = NO;
				CLANG_ANALYZER_NONNULL = YES;
				CLANG_ANALYZER_NUMBER_OBJECT_CONVERSION = YES_AGGRESSIVE;
				CLANG_CXX_LANGUAGE_STANDARD = "gnu++17";
				CLANG_CXX_LIBRARY = "libc++";
				CLANG_ENABLE_MODULES = YES;
				CLANG_ENABLE_OBJC_ARC = YES;
				CLANG_ENABLE_OBJC_WEAK = YES;
				CLANG_WARN_BLOCK_CAPTURE_AUTORELEASING = YES;
				CLANG_WARN_BOOL_CONVERSION = YES;
				CLANG_WARN_COMMA = YES;
				CLANG_WARN_CONSTANT_CONVERSION = YES;
				CLANG_WARN_DEPRECATED_OBJC_IMPLEMENTATIONS = YES;
				CLANG_WARN_DIRECT_OBJC_ISA_USAGE = YES_ERROR;
				CLANG_WARN_DOCUMENTATION_COMMENTS = YES;
				CLANG_WARN_EMPTY_BODY = YES;
				CLANG_WARN_ENUM_CONVERSION = YES;
				CLANG_WARN_INFINITE_RECURSION = YES;
				CLANG_WARN_INT_CONVERSION = YES;
				CLANG_WARN_NON_LITERAL_NULL_CONVERSION = YES;
				CLANG_WARN_OBJC_IMPLICIT_RETAIN_SELF = YES;
				CLANG_WARN_OBJC_LITERAL_CONVERSION = YES;
				CLANG_WARN_OBJC_ROOT_CLASS = YES_ERROR;
				CLANG_WARN_QUOTED_INCLUDE_IN_FRAMEWORK_HEADER = YES;
				CLANG_WARN_RANGE_LOOP_ANALYSIS = YES;
				CLANG_WARN_STRICT_PROTOTYPES = YES;
				CLANG_WARN_SUSPICIOUS_MOVE = YES;
				CLANG_WARN_UNGUARDED_AVAILABILITY = YES_AGGRESSIVE;
				CLANG_WARN_UNREACHABLE_CODE = YES;
				CLANG_WARN__DUPLICATE_METHOD_MATCH = YES;
				COPY_PHASE_STRIP = NO;
				DEBUG_INFORMATION_FORMAT = dwarf;
				ENABLE_STRICT_OBJC_MSGSEND = YES;
				ENABLE_TESTABILITY = YES;
				GCC_C_LANGUAGE_STANDARD = gnu11;
				GCC_DYNAMIC_NO_PIC = NO;
				GCC_NO_COMMON_BLOCKS = YES;
				GCC_OPTIMIZATION_LEVEL = 0;
				GCC_PREPROCESSOR_DEFINITIONS = (
					"DEBUG=1",
					"$(inherited)",
				);
				GCC_WARN_64_TO_32_BIT_CONVERSION = YES;
				GCC_WARN_ABOUT_RETURN_TYPE = YES_ERROR;
				GCC_WARN_UNDECLARED_SELECTOR = YES;
				GCC_WARN_UNINITIALIZED_AUTOS = YES_AGGRESSIVE;
				GCC_WARN_UNUSED_FUNCTION = YES;
				GCC_WARN_UNUSED_VARIABLE = YES;
				IPHONEOS_DEPLOYMENT_TARGET = 15.2;
				MTL_ENABLE_DEBUG_INFO = INCLUDE_SOURCE;
				MTL_FAST_MATH = YES;
				ONLY_ACTIVE_ARCH = YES;
				SDKROOT = iphoneos;
				SWIFT_ACTIVE_COMPILATION_CONDITIONS = DEBUG;
				SWIFT_OPTIMIZATION_LEVEL = "-Onone";
			};
			name = Debug;
		};
		53F3F7A727F237C00011CC48 /* Release */ = {
			isa = XCBuildConfiguration;
			buildSettings = {
				ALWAYS_SEARCH_USER_PATHS = NO;
				CLANG_ANALYZER_NONNULL = YES;
				CLANG_ANALYZER_NUMBER_OBJECT_CONVERSION = YES_AGGRESSIVE;
				CLANG_CXX_LANGUAGE_STANDARD = "gnu++17";
				CLANG_CXX_LIBRARY = "libc++";
				CLANG_ENABLE_MODULES = YES;
				CLANG_ENABLE_OBJC_ARC = YES;
				CLANG_ENABLE_OBJC_WEAK = YES;
				CLANG_WARN_BLOCK_CAPTURE_AUTORELEASING = YES;
				CLANG_WARN_BOOL_CONVERSION = YES;
				CLANG_WARN_COMMA = YES;
				CLANG_WARN_CONSTANT_CONVERSION = YES;
				CLANG_WARN_DEPRECATED_OBJC_IMPLEMENTATIONS = YES;
				CLANG_WARN_DIRECT_OBJC_ISA_USAGE = YES_ERROR;
				CLANG_WARN_DOCUMENTATION_COMMENTS = YES;
				CLANG_WARN_EMPTY_BODY = YES;
				CLANG_WARN_ENUM_CONVERSION = YES;
				CLANG_WARN_INFINITE_RECURSION = YES;
				CLANG_WARN_INT_CONVERSION = YES;
				CLANG_WARN_NON_LITERAL_NULL_CONVERSION = YES;
				CLANG_WARN_OBJC_IMPLICIT_RETAIN_SELF = YES;
				CLANG_WARN_OBJC_LITERAL_CONVERSION = YES;
				CLANG_WARN_OBJC_ROOT_CLASS = YES_ERROR;
				CLANG_WARN_QUOTED_INCLUDE_IN_FRAMEWORK_HEADER = YES;
				CLANG_WARN_RANGE_LOOP_ANALYSIS = YES;
				CLANG_WARN_STRICT_PROTOTYPES = YES;
				CLANG_WARN_SUSPICIOUS_MOVE = YES;
				CLANG_WARN_UNGUARDED_AVAILABILITY = YES_AGGRESSIVE;
				CLANG_WARN_UNREACHABLE_CODE = YES;
				CLANG_WARN__DUPLICATE_METHOD_MATCH = YES;
				COPY_PHASE_STRIP = NO;
				DEBUG_INFORMATION_FORMAT = "dwarf-with-dsym";
				ENABLE_NS_ASSERTIONS = NO;
				ENABLE_STRICT_OBJC_MSGSEND = YES;
				GCC_C_LANGUAGE_STANDARD = gnu11;
				GCC_NO_COMMON_BLOCKS = YES;
				GCC_WARN_64_TO_32_BIT_CONVERSION = YES;
				GCC_WARN_ABOUT_RETURN_TYPE = YES_ERROR;
				GCC_WARN_UNDECLARED_SELECTOR = YES;
				GCC_WARN_UNINITIALIZED_AUTOS = YES_AGGRESSIVE;
				GCC_WARN_UNUSED_FUNCTION = YES;
				GCC_WARN_UNUSED_VARIABLE = YES;
				IPHONEOS_DEPLOYMENT_TARGET = 15.2;
				MTL_ENABLE_DEBUG_INFO = NO;
				MTL_FAST_MATH = YES;
				SDKROOT = iphoneos;
				SWIFT_COMPILATION_MODE = wholemodule;
				SWIFT_OPTIMIZATION_LEVEL = "-O";
				VALIDATE_PRODUCT = YES;
			};
			name = Release;
		};
		53F3F7A927F237C00011CC48 /* Debug */ = {
			isa = XCBuildConfiguration;
			buildSettings = {
				ASSETCATALOG_COMPILER_APPICON_NAME = AppIcon;
				ASSETCATALOG_COMPILER_GLOBAL_ACCENT_COLOR_NAME = AccentColor;
				CODE_SIGN_STYLE = Automatic;
				CURRENT_PROJECT_VERSION = 1;
				GENERATE_INFOPLIST_FILE = YES;
				INFOPLIST_FILE = MeliApp/Info.plist;
				INFOPLIST_KEY_UIApplicationSupportsIndirectInputEvents = YES;
				INFOPLIST_KEY_UILaunchStoryboardName = LaunchScreen;
				INFOPLIST_KEY_UIMainStoryboardFile = Main;
				INFOPLIST_KEY_UISupportedInterfaceOrientations_iPad = "UIInterfaceOrientationPortrait UIInterfaceOrientationPortraitUpsideDown UIInterfaceOrientationLandscapeLeft UIInterfaceOrientationLandscapeRight";
				INFOPLIST_KEY_UISupportedInterfaceOrientations_iPhone = "UIInterfaceOrientationPortrait UIInterfaceOrientationLandscapeLeft UIInterfaceOrientationLandscapeRight";
				LD_RUNPATH_SEARCH_PATHS = (
					"$(inherited)",
					"@executable_path/Frameworks",
				);
				MARKETING_VERSION = 1.0;
				PRODUCT_BUNDLE_IDENTIFIER = MercadoLibre.MeliApp;
				PRODUCT_NAME = "$(TARGET_NAME)";
				SWIFT_EMIT_LOC_STRINGS = YES;
				SWIFT_VERSION = 5.0;
				TARGETED_DEVICE_FAMILY = "1,2";
			};
			name = Debug;
		};
		53F3F7AA27F237C00011CC48 /* Release */ = {
			isa = XCBuildConfiguration;
			buildSettings = {
				ASSETCATALOG_COMPILER_APPICON_NAME = AppIcon;
				ASSETCATALOG_COMPILER_GLOBAL_ACCENT_COLOR_NAME = AccentColor;
				CODE_SIGN_STYLE = Automatic;
				CURRENT_PROJECT_VERSION = 1;
				GENERATE_INFOPLIST_FILE = YES;
				INFOPLIST_FILE = MeliApp/Info.plist;
				INFOPLIST_KEY_UIApplicationSupportsIndirectInputEvents = YES;
				INFOPLIST_KEY_UILaunchStoryboardName = LaunchScreen;
				INFOPLIST_KEY_UIMainStoryboardFile = Main;
				INFOPLIST_KEY_UISupportedInterfaceOrientations_iPad = "UIInterfaceOrientationPortrait UIInterfaceOrientationPortraitUpsideDown UIInterfaceOrientationLandscapeLeft UIInterfaceOrientationLandscapeRight";
				INFOPLIST_KEY_UISupportedInterfaceOrientations_iPhone = "UIInterfaceOrientationPortrait UIInterfaceOrientationLandscapeLeft UIInterfaceOrientationLandscapeRight";
				LD_RUNPATH_SEARCH_PATHS = (
					"$(inherited)",
					"@executable_path/Frameworks",
				);
				MARKETING_VERSION = 1.0;
				PRODUCT_BUNDLE_IDENTIFIER = MercadoLibre.MeliApp;
				PRODUCT_NAME = "$(TARGET_NAME)";
				SWIFT_EMIT_LOC_STRINGS = YES;
				SWIFT_VERSION = 5.0;
				TARGETED_DEVICE_FAMILY = "1,2";
			};
			name = Release;
		};
		53F3F7AC27F237C00011CC48 /* Debug */ = {
			isa = XCBuildConfiguration;
			buildSettings = {
				ALWAYS_EMBED_SWIFT_STANDARD_LIBRARIES = YES;
				BUNDLE_LOADER = "$(TEST_HOST)";
				CODE_SIGN_STYLE = Automatic;
				CURRENT_PROJECT_VERSION = 1;
				GENERATE_INFOPLIST_FILE = YES;
				IPHONEOS_DEPLOYMENT_TARGET = 15.2;
				MARKETING_VERSION = 1.0;
				PRODUCT_BUNDLE_IDENTIFIER = MercadoLibre.MeliAppTests;
				PRODUCT_NAME = "$(TARGET_NAME)";
				SWIFT_EMIT_LOC_STRINGS = NO;
				SWIFT_VERSION = 5.0;
				TARGETED_DEVICE_FAMILY = "1,2";
				TEST_HOST = "$(BUILT_PRODUCTS_DIR)/MeliApp.app/MeliApp";
			};
			name = Debug;
		};
		53F3F7AD27F237C00011CC48 /* Release */ = {
			isa = XCBuildConfiguration;
			buildSettings = {
				ALWAYS_EMBED_SWIFT_STANDARD_LIBRARIES = YES;
				BUNDLE_LOADER = "$(TEST_HOST)";
				CODE_SIGN_STYLE = Automatic;
				CURRENT_PROJECT_VERSION = 1;
				GENERATE_INFOPLIST_FILE = YES;
				IPHONEOS_DEPLOYMENT_TARGET = 15.2;
				MARKETING_VERSION = 1.0;
				PRODUCT_BUNDLE_IDENTIFIER = MercadoLibre.MeliAppTests;
				PRODUCT_NAME = "$(TARGET_NAME)";
				SWIFT_EMIT_LOC_STRINGS = NO;
				SWIFT_VERSION = 5.0;
				TARGETED_DEVICE_FAMILY = "1,2";
				TEST_HOST = "$(BUILT_PRODUCTS_DIR)/MeliApp.app/MeliApp";
			};
			name = Release;
		};
		53F3F7AF27F237C00011CC48 /* Debug */ = {
			isa = XCBuildConfiguration;
			buildSettings = {
				ALWAYS_EMBED_SWIFT_STANDARD_LIBRARIES = YES;
				CODE_SIGN_STYLE = Automatic;
				CURRENT_PROJECT_VERSION = 1;
				GENERATE_INFOPLIST_FILE = YES;
				MARKETING_VERSION = 1.0;
				PRODUCT_BUNDLE_IDENTIFIER = MercadoLibre.MeliAppUITests;
				PRODUCT_NAME = "$(TARGET_NAME)";
				SWIFT_EMIT_LOC_STRINGS = NO;
				SWIFT_VERSION = 5.0;
				TARGETED_DEVICE_FAMILY = "1,2";
				TEST_TARGET_NAME = MeliApp;
			};
			name = Debug;
		};
		53F3F7B027F237C00011CC48 /* Release */ = {
			isa = XCBuildConfiguration;
			buildSettings = {
				ALWAYS_EMBED_SWIFT_STANDARD_LIBRARIES = YES;
				CODE_SIGN_STYLE = Automatic;
				CURRENT_PROJECT_VERSION = 1;
				GENERATE_INFOPLIST_FILE = YES;
				MARKETING_VERSION = 1.0;
				PRODUCT_BUNDLE_IDENTIFIER = MercadoLibre.MeliAppUITests;
				PRODUCT_NAME = "$(TARGET_NAME)";
				SWIFT_EMIT_LOC_STRINGS = NO;
				SWIFT_VERSION = 5.0;
				TARGETED_DEVICE_FAMILY = "1,2";
				TEST_TARGET_NAME = MeliApp;
			};
			name = Release;
		};
/* End XCBuildConfiguration section */

/* Begin XCConfigurationList section */
		53F3F77927F237BE0011CC48 /* Build configuration list for PBXProject "MeliApp" */ = {
			isa = XCConfigurationList;
			buildConfigurations = (
				53F3F7A627F237C00011CC48 /* Debug */,
				53F3F7A727F237C00011CC48 /* Release */,
			);
			defaultConfigurationIsVisible = 0;
			defaultConfigurationName = Release;
		};
		53F3F7A827F237C00011CC48 /* Build configuration list for PBXNativeTarget "MeliApp" */ = {
			isa = XCConfigurationList;
			buildConfigurations = (
				53F3F7A927F237C00011CC48 /* Debug */,
				53F3F7AA27F237C00011CC48 /* Release */,
			);
			defaultConfigurationIsVisible = 0;
			defaultConfigurationName = Release;
		};
		53F3F7AB27F237C00011CC48 /* Build configuration list for PBXNativeTarget "MeliAppTests" */ = {
			isa = XCConfigurationList;
			buildConfigurations = (
				53F3F7AC27F237C00011CC48 /* Debug */,
				53F3F7AD27F237C00011CC48 /* Release */,
			);
			defaultConfigurationIsVisible = 0;
			defaultConfigurationName = Release;
		};
		53F3F7AE27F237C00011CC48 /* Build configuration list for PBXNativeTarget "MeliAppUITests" */ = {
			isa = XCConfigurationList;
			buildConfigurations = (
				53F3F7AF27F237C00011CC48 /* Debug */,
				53F3F7B027F237C00011CC48 /* Release */,
			);
			defaultConfigurationIsVisible = 0;
			defaultConfigurationName = Release;
		};
/* End XCConfigurationList section */
	};
	rootObject = 53F3F77627F237BE0011CC48 /* Project object */;
}
